
Microsoft Visual Studio Solution File, Format Version 12.00
# Visual Studio Version 16
VisualStudioVersion = 16.0.28729.10
MinimumVisualStudioVersion = 10.0.40219.1
Project("{8BC9CEB8-8B4A-11D0-8D11-00A0C91BC942}") = "CGPlayground", "CGPlayground\CGPlayground.vcxproj", "{6DCB94B7-73C4-4119-ACBD-FE4249E8A3DA}"
EndProject
Global
	GlobalSection(SolutionConfigurationPlatforms) = preSolution
		Debug|x64 = Debug|x64
		Debug|x86 = Debug|x86
		Release|x64 = Release|x64
		Release|x86 = Release|x86
	EndGlobalSection
	GlobalSection(ProjectConfigurationPlatforms) = postSolution
		{6DCB94B7-73C4-4119-ACBD-FE4249E8A3DA}.Debug|x64.ActiveCfg = Debug|x64
		{6DCB94B7-73C4-4119-ACBD-FE4249E8A3DA}.Debug|x64.Build.0 = Debug|x64
		{6DCB94B7-73C4-4119-ACBD-FE4249E8A3DA}.Debug|x86.ActiveCfg = Debug|Win32
		{6DCB94B7-73C4-4119-ACBD-FE4249E8A3DA}.Debug|x86.Build.0 = Debug|Win32
		{6DCB94B7-73C4-4119-ACBD-FE4249E8A3DA}.Release|x64.ActiveCfg = Release|x64
		{6DCB94B7-73C4-4119-ACBD-FE4249E8A3DA}.Release|x64.Build.0 = Release|x64
		{6DCB94B7-73C4-4119-ACBD-FE4249E8A3DA}.Release|x86.ActiveCfg = Release|Win32
		{6DCB94B7-73C4-4119-ACBD-FE4249E8A3DA}.Release|x86.Build.0 = Release|Win32
	EndGlobalSection
	GlobalSection(SolutionProperties) = preSolution
		HideSolutionNode = FALSE
	EndGlobalSection
	GlobalSection(ExtensibilityGlobals) = postSolution
		SolutionGuid = {17E7C24F-5C42-421F-ABE0-EA97958479F0}
	EndGlobalSection
EndGlobal
