
Microsoft Visual Studio Solution File, Format Version 12.00
# Visual Studio Version 16
VisualStudioVersion = 16.0.28729.10
MinimumVisualStudioVersion = 10.0.40219.1
Project("{FAE04EC0-301F-11D3-BF4B-00C04F79EFBC}") = "FPainter", "FPainter\FPainter.csproj", "{1D2B6AED-FC69-4827-BFDE-5609C7A34640}"
EndProject
Global
	GlobalSection(SolutionConfigurationPlatforms) = preSolution
		Debug|Any CPU = Debug|Any CPU
		Release|Any CPU = Release|Any CPU
	EndGlobalSection
	GlobalSection(ProjectConfigurationPlatforms) = postSolution
		{1D2B6AED-FC69-4827-BFDE-5609C7A34640}.Debug|Any CPU.ActiveCfg = Debug|Any CPU
		{1D2B6AED-FC69-4827-BFDE-5609C7A34640}.Debug|Any CPU.Build.0 = Debug|Any CPU
		{1D2B6AED-FC69-4827-BFDE-5609C7A34640}.Release|Any CPU.ActiveCfg = Release|Any CPU
		{1D2B6AED-FC69-4827-BFDE-5609C7A34640}.Release|Any CPU.Build.0 = Release|Any CPU
	EndGlobalSection
	GlobalSection(SolutionProperties) = preSolution
		HideSolutionNode = FALSE
	EndGlobalSection
	GlobalSection(ExtensibilityGlobals) = postSolution
		SolutionGuid = {3861535E-E42C-4CF8-9182-DDAF28570AE2}
	EndGlobalSection
EndGlobal
